
Microsoft Visual Studio Solution File, Format Version 12.00
# Visual Studio Version 17
VisualStudioVersion = 17.14.36616.10 d17.14
MinimumVisualStudioVersion = 10.0.40219.1
Project("{FAE04EC0-301F-11D3-BF4B-00C04F79EFBC}") = "HomeLibrary", "HomeLibrary\HomeLibrary.csproj", "{47D82FC1-7235-6D9E-D7E9-75ED6EC0D99B}"
EndProject
Project("{FAE04EC0-301F-11D3-BF4B-00C04F79EFBC}") = "BuildDB", "BuildDB\BuildDB.csproj", "{5CE6B48B-F6C4-6E06-3CDB-22156A900EFC}"
EndProject
Global
	GlobalSection(SolutionConfigurationPlatforms) = preSolution
		Debug|Any CPU = Debug|Any CPU
		Release|Any CPU = Release|Any CPU
	EndGlobalSection
	GlobalSection(ProjectConfigurationPlatforms) = postSolution
		{47D82FC1-7235-6D9E-D7E9-75ED6EC0D99B}.Debug|Any CPU.ActiveCfg = Debug|Any CPU
		{47D82FC1-7235-6D9E-D7E9-75ED6EC0D99B}.Debug|Any CPU.Build.0 = Debug|Any CPU
		{47D82FC1-7235-6D9E-D7E9-75ED6EC0D99B}.Release|Any CPU.ActiveCfg = Release|Any CPU
		{47D82FC1-7235-6D9E-D7E9-75ED6EC0D99B}.Release|Any CPU.Build.0 = Release|Any CPU
		{5CE6B48B-F6C4-6E06-3CDB-22156A900EFC}.Debug|Any CPU.ActiveCfg = Debug|Any CPU
		{5CE6B48B-F6C4-6E06-3CDB-22156A900EFC}.Debug|Any CPU.Build.0 = Debug|Any CPU
		{5CE6B48B-F6C4-6E06-3CDB-22156A900EFC}.Release|Any CPU.ActiveCfg = Release|Any CPU
		{5CE6B48B-F6C4-6E06-3CDB-22156A900EFC}.Release|Any CPU.Build.0 = Release|Any CPU
	EndGlobalSection
	GlobalSection(SolutionProperties) = preSolution
		HideSolutionNode = FALSE
	EndGlobalSection
	GlobalSection(ExtensibilityGlobals) = postSolution
		SolutionGuid = {72BA8686-BEE5-4DF5-B5D2-2F52C6E99EE1}
	EndGlobalSection
EndGlobal
